
Microsoft Visual Studio Solution File, Format Version 12.00
# Visual Studio Version 17
VisualStudioVersion = 17.9.34723.18
MinimumVisualStudioVersion = 10.0.40219.1
Project("{FAE04EC0-301F-11D3-BF4B-00C04F79EFBC}") = "test-cicd", "test-cicd.csproj", "{B940F550-215F-4408-AB43-8C928F62A653}"
EndProject
Global
	GlobalSection(SolutionConfigurationPlatforms) = preSolution
		Debug|Any CPU = Debug|Any CPU
		Release|Any CPU = Release|Any CPU
	EndGlobalSection
	GlobalSection(ProjectConfigurationPlatforms) = postSolution
		{B940F550-215F-4408-AB43-8C928F62A653}.Debug|Any CPU.ActiveCfg = Debug|Any CPU
		{B940F550-215F-4408-AB43-8C928F62A653}.Debug|Any CPU.Build.0 = Debug|Any CPU
		{B940F550-215F-4408-AB43-8C928F62A653}.Release|Any CPU.ActiveCfg = Release|Any CPU
		{B940F550-215F-4408-AB43-8C928F62A653}.Release|Any CPU.Build.0 = Release|Any CPU
	EndGlobalSection
	GlobalSection(SolutionProperties) = preSolution
		HideSolutionNode = FALSE
	EndGlobalSection
	GlobalSection(ExtensibilityGlobals) = postSolution
		SolutionGuid = {C96890DA-88C4-4ACA-A381-30180AD8A6BD}
	EndGlobalSection
EndGlobal
